// !$*UTF8*$!
{
	archiveVersion = 1;
	classes = {
	};
	objectVersion = 50;
	objects = {

/* Begin PBXBuildFile section */
		471D7D782166D34900124C87 /* AppDelegate.swift in Sources */ = {isa = PBXBuildFile; fileRef = 471D7D772166D34900124C87 /* AppDelegate.swift */; };
		471D7D7D2166D34900124C87 /* Main.storyboard in Resources */ = {isa = PBXBuildFile; fileRef = 471D7D7B2166D34900124C87 /* Main.storyboard */; };
		471D7D7F2166D34B00124C87 /* Assets.xcassets in Resources */ = {isa = PBXBuildFile; fileRef = 471D7D7E2166D34B00124C87 /* Assets.xcassets */; };
		471D7D822166D34B00124C87 /* LaunchScreen.storyboard in Resources */ = {isa = PBXBuildFile; fileRef = 471D7D802166D34B00124C87 /* LaunchScreen.storyboard */; };
		471D7D922166E54500124C87 /* UIStoryboards+Helpers.swift in Sources */ = {isa = PBXBuildFile; fileRef = 471D7D912166E54500124C87 /* UIStoryboards+Helpers.swift */; };
		471D7D942166FAB700124C87 /* QRScannerViewController.swift in Sources */ = {isa = PBXBuildFile; fileRef = 471D7D932166FAB700124C87 /* QRScannerViewController.swift */; };
		471D7D972167021D00124C87 /* Keyboard.xib in Resources */ = {isa = PBXBuildFile; fileRef = 471D7D962167021D00124C87 /* Keyboard.xib */; };
		471D7D9A2167027E00124C87 /* Keyboard.swift in Sources */ = {isa = PBXBuildFile; fileRef = 471D7D992167027E00124C87 /* Keyboard.swift */; };
		475C41902167CD1000429EB4 /* LoadingViewController.swift in Sources */ = {isa = PBXBuildFile; fileRef = 475C418F2167CD1000429EB4 /* LoadingViewController.swift */; };
		475C41942168DE4E00429EB4 /* UIViewController+Helpers.swift in Sources */ = {isa = PBXBuildFile; fileRef = 475C41932168DE4E00429EB4 /* UIViewController+Helpers.swift */; };
		475C41972168E90F00429EB4 /* UIAppearanceManager.swift in Sources */ = {isa = PBXBuildFile; fileRef = 475C41962168E90F00429EB4 /* UIAppearanceManager.swift */; };
		475C41992168EA4300429EB4 /* KeyboardButton.swift in Sources */ = {isa = PBXBuildFile; fileRef = 475C41982168EA4300429EB4 /* KeyboardButton.swift */; };
		475C419B2168EDE300429EB4 /* CheckInViewController.swift in Sources */ = {isa = PBXBuildFile; fileRef = 475C419A2168EDE300429EB4 /* CheckInViewController.swift */; };
		475C419D2169924700429EB4 /* EventViewController.swift in Sources */ = {isa = PBXBuildFile; fileRef = 475C419C2169924700429EB4 /* EventViewController.swift */; };
		F3F4D2B87D4CF32475BF1580 /* Pods_premier_checkin_ios.framework in Frameworks */ = {isa = PBXBuildFile; fileRef = 592CEA4081B5ADAA1C47ACF3 /* Pods_premier_checkin_ios.framework */; };
/* End PBXBuildFile section */

/* Begin PBXFileReference section */
		38283671D010A5B538326401 /* Pods-premier-checkin-ios.debug.xcconfig */ = {isa = PBXFileReference; includeInIndex = 1; lastKnownFileType = text.xcconfig; name = "Pods-premier-checkin-ios.debug.xcconfig"; path = "Pods/Target Support Files/Pods-premier-checkin-ios/Pods-premier-checkin-ios.debug.xcconfig"; sourceTree = "<group>"; };
		471D7D742166D34900124C87 /* premier-checkin-ios.app */ = {isa = PBXFileReference; explicitFileType = wrapper.application; includeInIndex = 0; path = "premier-checkin-ios.app"; sourceTree = BUILT_PRODUCTS_DIR; };
		471D7D772166D34900124C87 /* AppDelegate.swift */ = {isa = PBXFileReference; lastKnownFileType = sourcecode.swift; path = AppDelegate.swift; sourceTree = "<group>"; };
		471D7D7C2166D34900124C87 /* Base */ = {isa = PBXFileReference; lastKnownFileType = file.storyboard; name = Base; path = Base.lproj/Main.storyboard; sourceTree = "<group>"; };
		471D7D7E2166D34B00124C87 /* Assets.xcassets */ = {isa = PBXFileReference; lastKnownFileType = folder.assetcatalog; path = Assets.xcassets; sourceTree = "<group>"; };
		471D7D812166D34B00124C87 /* Base */ = {isa = PBXFileReference; lastKnownFileType = file.storyboard; name = Base; path = Base.lproj/LaunchScreen.storyboard; sourceTree = "<group>"; };
		471D7D832166D34B00124C87 /* Info.plist */ = {isa = PBXFileReference; lastKnownFileType = text.plist.xml; path = Info.plist; sourceTree = "<group>"; };
		471D7D912166E54500124C87 /* UIStoryboards+Helpers.swift */ = {isa = PBXFileReference; lastKnownFileType = sourcecode.swift; path = "UIStoryboards+Helpers.swift"; sourceTree = "<group>"; };
		471D7D932166FAB700124C87 /* QRScannerViewController.swift */ = {isa = PBXFileReference; lastKnownFileType = sourcecode.swift; path = QRScannerViewController.swift; sourceTree = "<group>"; };
		471D7D962167021D00124C87 /* Keyboard.xib */ = {isa = PBXFileReference; lastKnownFileType = file.xib; path = Keyboard.xib; sourceTree = "<group>"; };
		471D7D992167027E00124C87 /* Keyboard.swift */ = {isa = PBXFileReference; lastKnownFileType = sourcecode.swift; path = Keyboard.swift; sourceTree = "<group>"; };
		475C418F2167CD1000429EB4 /* LoadingViewController.swift */ = {isa = PBXFileReference; lastKnownFileType = sourcecode.swift; path = LoadingViewController.swift; sourceTree = "<group>"; };
		475C41932168DE4E00429EB4 /* UIViewController+Helpers.swift */ = {isa = PBXFileReference; lastKnownFileType = sourcecode.swift; path = "UIViewController+Helpers.swift"; sourceTree = "<group>"; };
		475C41962168E90F00429EB4 /* UIAppearanceManager.swift */ = {isa = PBXFileReference; lastKnownFileType = sourcecode.swift; path = UIAppearanceManager.swift; sourceTree = "<group>"; };
		475C41982168EA4300429EB4 /* KeyboardButton.swift */ = {isa = PBXFileReference; lastKnownFileType = sourcecode.swift; path = KeyboardButton.swift; sourceTree = "<group>"; };
		475C419A2168EDE300429EB4 /* CheckInViewController.swift */ = {isa = PBXFileReference; lastKnownFileType = sourcecode.swift; path = CheckInViewController.swift; sourceTree = "<group>"; };
		475C419C2169924700429EB4 /* EventViewController.swift */ = {isa = PBXFileReference; lastKnownFileType = sourcecode.swift; path = EventViewController.swift; sourceTree = "<group>"; };
		592CEA4081B5ADAA1C47ACF3 /* Pods_premier_checkin_ios.framework */ = {isa = PBXFileReference; explicitFileType = wrapper.framework; includeInIndex = 0; path = Pods_premier_checkin_ios.framework; sourceTree = BUILT_PRODUCTS_DIR; };
		DEFB0AE5B4D50A190873F217 /* Pods-premier-checkin-ios.release.xcconfig */ = {isa = PBXFileReference; includeInIndex = 1; lastKnownFileType = text.xcconfig; name = "Pods-premier-checkin-ios.release.xcconfig"; path = "Pods/Target Support Files/Pods-premier-checkin-ios/Pods-premier-checkin-ios.release.xcconfig"; sourceTree = "<group>"; };
/* End PBXFileReference section */

/* Begin PBXFrameworksBuildPhase section */
		471D7D712166D34900124C87 /* Frameworks */ = {
			isa = PBXFrameworksBuildPhase;
			buildActionMask = 2147483647;
			files = (
				F3F4D2B87D4CF32475BF1580 /* Pods_premier_checkin_ios.framework in Frameworks */,
			);
			runOnlyForDeploymentPostprocessing = 0;
		};
/* End PBXFrameworksBuildPhase section */

/* Begin PBXGroup section */
		471D7D6B2166D34900124C87 = {
			isa = PBXGroup;
			children = (
				471D7D762166D34900124C87 /* premier-checkin-ios */,
				471D7D752166D34900124C87 /* Products */,
				8E1B9DAC99855BD04AA2D494 /* Pods */,
				E9F96B5EC4F1F1C66192EB41 /* Frameworks */,
			);
			sourceTree = "<group>";
		};
		471D7D752166D34900124C87 /* Products */ = {
			isa = PBXGroup;
			children = (
				471D7D742166D34900124C87 /* premier-checkin-ios.app */,
			);
			name = Products;
			sourceTree = "<group>";
		};
		471D7D762166D34900124C87 /* premier-checkin-ios */ = {
			isa = PBXGroup;
			children = (
				471D7D772166D34900124C87 /* AppDelegate.swift */,
				471D7D8B2166E39400124C87 /* Extensions */,
				475C41952168E8FB00429EB4 /* Managers */,
				471D7D8C2166E39F00124C87 /* ViewControllers */,
				471D7D982167025700124C87 /* Views */,
				471D7D8D2166E3C900124C87 /* Ressources */,
			);
			path = "premier-checkin-ios";
			sourceTree = "<group>";
		};
		471D7D8B2166E39400124C87 /* Extensions */ = {
			isa = PBXGroup;
			children = (
				471D7D912166E54500124C87 /* UIStoryboards+Helpers.swift */,
				475C41932168DE4E00429EB4 /* UIViewController+Helpers.swift */,
			);
			path = Extensions;
			sourceTree = "<group>";
		};
		471D7D8C2166E39F00124C87 /* ViewControllers */ = {
			isa = PBXGroup;
			children = (
				475C419A2168EDE300429EB4 /* CheckInViewController.swift */,
				475C419C2169924700429EB4 /* EventViewController.swift */,
				475C418F2167CD1000429EB4 /* LoadingViewController.swift */,
				471D7D932166FAB700124C87 /* QRScannerViewController.swift */,
			);
			path = ViewControllers;
			sourceTree = "<group>";
		};
		471D7D8D2166E3C900124C87 /* Ressources */ = {
			isa = PBXGroup;
			children = (
				471D7D8E2166E3CF00124C87 /* Storyboards */,
				471D7D95216701E700124C87 /* Xibs */,
				471D7D902166E45400124C87 /* XAssets */,
				471D7D8F2166E3FA00124C87 /* Supporting files */,
			);
			path = Ressources;
			sourceTree = "<group>";
		};
		471D7D8E2166E3CF00124C87 /* Storyboards */ = {
			isa = PBXGroup;
			children = (
				471D7D802166D34B00124C87 /* LaunchScreen.storyboard */,
				471D7D7B2166D34900124C87 /* Main.storyboard */,
			);
			path = Storyboards;
			sourceTree = "<group>";
		};
		471D7D8F2166E3FA00124C87 /* Supporting files */ = {
			isa = PBXGroup;
			children = (
				471D7D832166D34B00124C87 /* Info.plist */,
			);
			path = "Supporting files";
			sourceTree = "<group>";
		};
		471D7D902166E45400124C87 /* XAssets */ = {
			isa = PBXGroup;
			children = (
				471D7D7E2166D34B00124C87 /* Assets.xcassets */,
			);
			path = XAssets;
			sourceTree = "<group>";
		};
		471D7D95216701E700124C87 /* Xibs */ = {
			isa = PBXGroup;
			children = (
				471D7D962167021D00124C87 /* Keyboard.xib */,
			);
			path = Xibs;
			sourceTree = "<group>";
		};
		471D7D982167025700124C87 /* Views */ = {
			isa = PBXGroup;
			children = (
				471D7D992167027E00124C87 /* Keyboard.swift */,
				475C41982168EA4300429EB4 /* KeyboardButton.swift */,
			);
			path = Views;
			sourceTree = "<group>";
		};
		475C41952168E8FB00429EB4 /* Managers */ = {
			isa = PBXGroup;
			children = (
				475C41962168E90F00429EB4 /* UIAppearanceManager.swift */,
			);
			path = Managers;
			sourceTree = "<group>";
		};
		8E1B9DAC99855BD04AA2D494 /* Pods */ = {
			isa = PBXGroup;
			children = (
				38283671D010A5B538326401 /* Pods-premier-checkin-ios.debug.xcconfig */,
				DEFB0AE5B4D50A190873F217 /* Pods-premier-checkin-ios.release.xcconfig */,
			);
			name = Pods;
			sourceTree = "<group>";
		};
		E9F96B5EC4F1F1C66192EB41 /* Frameworks */ = {
			isa = PBXGroup;
			children = (
				592CEA4081B5ADAA1C47ACF3 /* Pods_premier_checkin_ios.framework */,
			);
			name = Frameworks;
			sourceTree = "<group>";
		};
/* End PBXGroup section */

/* Begin PBXNativeTarget section */
		471D7D732166D34900124C87 /* premier-checkin-ios */ = {
			isa = PBXNativeTarget;
			buildConfigurationList = 471D7D862166D34B00124C87 /* Build configuration list for PBXNativeTarget "premier-checkin-ios" */;
			buildPhases = (
				87C677D1EBFB91D4566708DB /* [CP] Check Pods Manifest.lock */,
				471D7D702166D34900124C87 /* Sources */,
				471D7D712166D34900124C87 /* Frameworks */,
				471D7D722166D34900124C87 /* Resources */,
				73EB03885B1C2E47C2389E90 /* [CP] Embed Pods Frameworks */,
			);
			buildRules = (
			);
			dependencies = (
			);
			name = "premier-checkin-ios";
			productName = "premier-checkin-ios";
			productReference = 471D7D742166D34900124C87 /* premier-checkin-ios.app */;
			productType = "com.apple.product-type.application";
		};
/* End PBXNativeTarget section */

/* Begin PBXProject section */
		471D7D6C2166D34900124C87 /* Project object */ = {
			isa = PBXProject;
			attributes = {
				LastSwiftUpdateCheck = 1000;
				LastUpgradeCheck = 1000;
				ORGANIZATIONNAME = "Elie El Khoury";
				TargetAttributes = {
					471D7D732166D34900124C87 = {
						CreatedOnToolsVersion = 10.0;
					};
				};
			};
			buildConfigurationList = 471D7D6F2166D34900124C87 /* Build configuration list for PBXProject "premier-checkin-ios" */;
			compatibilityVersion = "Xcode 9.3";
			developmentRegion = en;
			hasScannedForEncodings = 0;
			knownRegions = (
				en,
				Base,
			);
			mainGroup = 471D7D6B2166D34900124C87;
			productRefGroup = 471D7D752166D34900124C87 /* Products */;
			projectDirPath = "";
			projectRoot = "";
			targets = (
				471D7D732166D34900124C87 /* premier-checkin-ios */,
			);
		};
/* End PBXProject section */

/* Begin PBXResourcesBuildPhase section */
		471D7D722166D34900124C87 /* Resources */ = {
			isa = PBXResourcesBuildPhase;
			buildActionMask = 2147483647;
			files = (
				471D7D822166D34B00124C87 /* LaunchScreen.storyboard in Resources */,
				471D7D7F2166D34B00124C87 /* Assets.xcassets in Resources */,
				471D7D972167021D00124C87 /* Keyboard.xib in Resources */,
				471D7D7D2166D34900124C87 /* Main.storyboard in Resources */,
			);
			runOnlyForDeploymentPostprocessing = 0;
		};
/* End PBXResourcesBuildPhase section */

/* Begin PBXShellScriptBuildPhase section */
		73EB03885B1C2E47C2389E90 /* [CP] Embed Pods Frameworks */ = {
			isa = PBXShellScriptBuildPhase;
			buildActionMask = 2147483647;
			files = (
			);
			inputPaths = (
				"${SRCROOT}/Pods/Target Support Files/Pods-premier-checkin-ios/Pods-premier-checkin-ios-frameworks.sh",
				"${BUILT_PRODUCTS_DIR}/Alamofire/Alamofire.framework",
				"${BUILT_PRODUCTS_DIR}/CryptoSwift/CryptoSwift.framework",
				"${BUILT_PRODUCTS_DIR}/SVProgressHUD/SVProgressHUD.framework",
				"${BUILT_PRODUCTS_DIR}/SwiftyJSON/SwiftyJSON.framework",
				"${BUILT_PRODUCTS_DIR}/SwiftyUserDefaults/SwiftyUserDefaults.framework",
			);
			name = "[CP] Embed Pods Frameworks";
			outputPaths = (
				"${TARGET_BUILD_DIR}/${FRAMEWORKS_FOLDER_PATH}/Alamofire.framework",
				"${TARGET_BUILD_DIR}/${FRAMEWORKS_FOLDER_PATH}/CryptoSwift.framework",
				"${TARGET_BUILD_DIR}/${FRAMEWORKS_FOLDER_PATH}/SVProgressHUD.framework",
				"${TARGET_BUILD_DIR}/${FRAMEWORKS_FOLDER_PATH}/SwiftyJSON.framework",
				"${TARGET_BUILD_DIR}/${FRAMEWORKS_FOLDER_PATH}/SwiftyUserDefaults.framework",
			);
			runOnlyForDeploymentPostprocessing = 0;
			shellPath = /bin/sh;
			shellScript = "\"${SRCROOT}/Pods/Target Support Files/Pods-premier-checkin-ios/Pods-premier-checkin-ios-frameworks.sh\"\n";
			showEnvVarsInLog = 0;
		};
		87C677D1EBFB91D4566708DB /* [CP] Check Pods Manifest.lock */ = {
			isa = PBXShellScriptBuildPhase;
			buildActionMask = 2147483647;
			files = (
			);
			inputPaths = (
				"${PODS_PODFILE_DIR_PATH}/Podfile.lock",
				"${PODS_ROOT}/Manifest.lock",
			);
			name = "[CP] Check Pods Manifest.lock";
			outputPaths = (
				"$(DERIVED_FILE_DIR)/Pods-premier-checkin-ios-checkManifestLockResult.txt",
			);
			runOnlyForDeploymentPostprocessing = 0;
			shellPath = /bin/sh;
			shellScript = "diff \"${PODS_PODFILE_DIR_PATH}/Podfile.lock\" \"${PODS_ROOT}/Manifest.lock\" > /dev/null\nif [ $? != 0 ] ; then\n    # print error to STDERR\n    echo \"error: The sandbox is not in sync with the Podfile.lock. Run 'pod install' or update your CocoaPods installation.\" >&2\n    exit 1\nfi\n# This output is used by Xcode 'outputs' to avoid re-running this script phase.\necho \"SUCCESS\" > \"${SCRIPT_OUTPUT_FILE_0}\"\n";
			showEnvVarsInLog = 0;
		};
/* End PBXShellScriptBuildPhase section */

/* Begin PBXSourcesBuildPhase section */
		471D7D702166D34900124C87 /* Sources */ = {
			isa = PBXSourcesBuildPhase;
			buildActionMask = 2147483647;
			files = (
				471D7D942166FAB700124C87 /* QRScannerViewController.swift in Sources */,
				471D7D922166E54500124C87 /* UIStoryboards+Helpers.swift in Sources */,
				471D7D9A2167027E00124C87 /* Keyboard.swift in Sources */,
				475C419B2168EDE300429EB4 /* CheckInViewController.swift in Sources */,
				471D7D782166D34900124C87 /* AppDelegate.swift in Sources */,
				475C419D2169924700429EB4 /* EventViewController.swift in Sources */,
				475C41972168E90F00429EB4 /* UIAppearanceManager.swift in Sources */,
				475C41992168EA4300429EB4 /* KeyboardButton.swift in Sources */,
				475C41902167CD1000429EB4 /* LoadingViewController.swift in Sources */,
				475C41942168DE4E00429EB4 /* UIViewController+Helpers.swift in Sources */,
			);
			runOnlyForDeploymentPostprocessing = 0;
		};
/* End PBXSourcesBuildPhase section */

/* Begin PBXVariantGroup section */
		471D7D7B2166D34900124C87 /* Main.storyboard */ = {
			isa = PBXVariantGroup;
			children = (
				471D7D7C2166D34900124C87 /* Base */,
			);
			name = Main.storyboard;
			sourceTree = "<group>";
		};
		471D7D802166D34B00124C87 /* LaunchScreen.storyboard */ = {
			isa = PBXVariantGroup;
			children = (
				471D7D812166D34B00124C87 /* Base */,
			);
			name = LaunchScreen.storyboard;
			sourceTree = "<group>";
		};
/* End PBXVariantGroup section */

/* Begin XCBuildConfiguration section */
		471D7D842166D34B00124C87 /* Debug */ = {
			isa = XCBuildConfiguration;
			buildSettings = {
				ALWAYS_SEARCH_USER_PATHS = NO;
				CLANG_ANALYZER_NONNULL = YES;
				CLANG_ANALYZER_NUMBER_OBJECT_CONVERSION = YES_AGGRESSIVE;
				CLANG_CXX_LANGUAGE_STANDARD = "gnu++14";
				CLANG_CXX_LIBRARY = "libc++";
				CLANG_ENABLE_MODULES = YES;
				CLANG_ENABLE_OBJC_ARC = YES;
				CLANG_ENABLE_OBJC_WEAK = YES;
				CLANG_WARN_BLOCK_CAPTURE_AUTORELEASING = YES;
				CLANG_WARN_BOOL_CONVERSION = YES;
				CLANG_WARN_COMMA = YES;
				CLANG_WARN_CONSTANT_CONVERSION = YES;
				CLANG_WARN_DEPRECATED_OBJC_IMPLEMENTATIONS = YES;
				CLANG_WARN_DIRECT_OBJC_ISA_USAGE = YES_ERROR;
				CLANG_WARN_DOCUMENTATION_COMMENTS = YES;
				CLANG_WARN_EMPTY_BODY = YES;
				CLANG_WARN_ENUM_CONVERSION = YES;
				CLANG_WARN_INFINITE_RECURSION = YES;
				CLANG_WARN_INT_CONVERSION = YES;
				CLANG_WARN_NON_LITERAL_NULL_CONVERSION = YES;
				CLANG_WARN_OBJC_IMPLICIT_RETAIN_SELF = YES;
				CLANG_WARN_OBJC_LITERAL_CONVERSION = YES;
				CLANG_WARN_OBJC_ROOT_CLASS = YES_ERROR;
				CLANG_WARN_RANGE_LOOP_ANALYSIS = YES;
				CLANG_WARN_STRICT_PROTOTYPES = YES;
				CLANG_WARN_SUSPICIOUS_MOVE = YES;
				CLANG_WARN_UNGUARDED_AVAILABILITY = YES_AGGRESSIVE;
				CLANG_WARN_UNREACHABLE_CODE = YES;
				CLANG_WARN__DUPLICATE_METHOD_MATCH = YES;
				CODE_SIGN_IDENTITY = "iPhone Developer";
				COPY_PHASE_STRIP = NO;
				DEBUG_INFORMATION_FORMAT = dwarf;
				ENABLE_STRICT_OBJC_MSGSEND = YES;
				ENABLE_TESTABILITY = YES;
				GCC_C_LANGUAGE_STANDARD = gnu11;
				GCC_DYNAMIC_NO_PIC = NO;
				GCC_NO_COMMON_BLOCKS = YES;
				GCC_OPTIMIZATION_LEVEL = 0;
				GCC_PREPROCESSOR_DEFINITIONS = (
					"DEBUG=1",
					"$(inherited)",
				);
				GCC_WARN_64_TO_32_BIT_CONVERSION = YES;
				GCC_WARN_ABOUT_RETURN_TYPE = YES_ERROR;
				GCC_WARN_UNDECLARED_SELECTOR = YES;
				GCC_WARN_UNINITIALIZED_AUTOS = YES_AGGRESSIVE;
				GCC_WARN_UNUSED_FUNCTION = YES;
				GCC_WARN_UNUSED_VARIABLE = YES;
				IPHONEOS_DEPLOYMENT_TARGET = 12.0;
				MTL_ENABLE_DEBUG_INFO = INCLUDE_SOURCE;
				MTL_FAST_MATH = YES;
				ONLY_ACTIVE_ARCH = YES;
				SDKROOT = iphoneos;
				SWIFT_ACTIVE_COMPILATION_CONDITIONS = DEBUG;
				SWIFT_OPTIMIZATION_LEVEL = "-Onone";
			};
			name = Debug;
		};
		471D7D852166D34B00124C87 /* Release */ = {
			isa = XCBuildConfiguration;
			buildSettings = {
				ALWAYS_SEARCH_USER_PATHS = NO;
				CLANG_ANALYZER_NONNULL = YES;
				CLANG_ANALYZER_NUMBER_OBJECT_CONVERSION = YES_AGGRESSIVE;
				CLANG_CXX_LANGUAGE_STANDARD = "gnu++14";
				CLANG_CXX_LIBRARY = "libc++";
				CLANG_ENABLE_MODULES = YES;
				CLANG_ENABLE_OBJC_ARC = YES;
				CLANG_ENABLE_OBJC_WEAK = YES;
				CLANG_WARN_BLOCK_CAPTURE_AUTORELEASING = YES;
				CLANG_WARN_BOOL_CONVERSION = YES;
				CLANG_WARN_COMMA = YES;
				CLANG_WARN_CONSTANT_CONVERSION = YES;
				CLANG_WARN_DEPRECATED_OBJC_IMPLEMENTATIONS = YES;
				CLANG_WARN_DIRECT_OBJC_ISA_USAGE = YES_ERROR;
				CLANG_WARN_DOCUMENTATION_COMMENTS = YES;
				CLANG_WARN_EMPTY_BODY = YES;
				CLANG_WARN_ENUM_CONVERSION = YES;
				CLANG_WARN_INFINITE_RECURSION = YES;
				CLANG_WARN_INT_CONVERSION = YES;
				CLANG_WARN_NON_LITERAL_NULL_CONVERSION = YES;
				CLANG_WARN_OBJC_IMPLICIT_RETAIN_SELF = YES;
				CLANG_WARN_OBJC_LITERAL_CONVERSION = YES;
				CLANG_WARN_OBJC_ROOT_CLASS = YES_ERROR;
				CLANG_WARN_RANGE_LOOP_ANALYSIS = YES;
				CLANG_WARN_STRICT_PROTOTYPES = YES;
				CLANG_WARN_SUSPICIOUS_MOVE = YES;
				CLANG_WARN_UNGUARDED_AVAILABILITY = YES_AGGRESSIVE;
				CLANG_WARN_UNREACHABLE_CODE = YES;
				CLANG_WARN__DUPLICATE_METHOD_MATCH = YES;
				CODE_SIGN_IDENTITY = "iPhone Developer";
				COPY_PHASE_STRIP = NO;
				DEBUG_INFORMATION_FORMAT = "dwarf-with-dsym";
				ENABLE_NS_ASSERTIONS = NO;
				ENABLE_STRICT_OBJC_MSGSEND = YES;
				GCC_C_LANGUAGE_STANDARD = gnu11;
				GCC_NO_COMMON_BLOCKS = YES;
				GCC_WARN_64_TO_32_BIT_CONVERSION = YES;
				GCC_WARN_ABOUT_RETURN_TYPE = YES_ERROR;
				GCC_WARN_UNDECLARED_SELECTOR = YES;
				GCC_WARN_UNINITIALIZED_AUTOS = YES_AGGRESSIVE;
				GCC_WARN_UNUSED_FUNCTION = YES;
				GCC_WARN_UNUSED_VARIABLE = YES;
				IPHONEOS_DEPLOYMENT_TARGET = 12.0;
				MTL_ENABLE_DEBUG_INFO = NO;
				MTL_FAST_MATH = YES;
				SDKROOT = iphoneos;
				SWIFT_COMPILATION_MODE = wholemodule;
				SWIFT_OPTIMIZATION_LEVEL = "-O";
				VALIDATE_PRODUCT = YES;
			};
			name = Release;
		};
		471D7D872166D34B00124C87 /* Debug */ = {
			isa = XCBuildConfiguration;
			baseConfigurationReference = 38283671D010A5B538326401 /* Pods-premier-checkin-ios.debug.xcconfig */;
			buildSettings = {
				ASSETCATALOG_COMPILER_APPICON_NAME = AppIcon;
				CODE_SIGN_STYLE = Automatic;
				DEVELOPMENT_TEAM = Z6WQVEM27Z;
				INFOPLIST_FILE = "$(SRCROOT)/premier-checkin-ios/Ressources/Supporting files/Info.plist";
				LD_RUNPATH_SEARCH_PATHS = (
					"$(inherited)",
					"@executable_path/Frameworks",
				);
				PRODUCT_BUNDLE_IDENTIFIER = "com.Elie.premier-checkin-ios";
				PRODUCT_NAME = "$(TARGET_NAME)";
				SWIFT_VERSION = 4.2;
				TARGETED_DEVICE_FAMILY = 1;
			};
			name = Debug;
		};
		471D7D882166D34B00124C87 /* Release */ = {
			isa = XCBuildConfiguration;
			baseConfigurationReference = DEFB0AE5B4D50A190873F217 /* Pods-premier-checkin-ios.release.xcconfig */;
			buildSettings = {
				ASSETCATALOG_COMPILER_APPICON_NAME = AppIcon;
				CODE_SIGN_STYLE = Automatic;
				DEVELOPMENT_TEAM = Z6WQVEM27Z;
				INFOPLIST_FILE = "$(SRCROOT)/premier-checkin-ios/Ressources/Supporting files/Info.plist";
				LD_RUNPATH_SEARCH_PATHS = (
					"$(inherited)",
					"@executable_path/Frameworks",
				);
				PRODUCT_BUNDLE_IDENTIFIER = "com.Elie.premier-checkin-ios";
				PRODUCT_NAME = "$(TARGET_NAME)";
				SWIFT_VERSION = 4.2;
				TARGETED_DEVICE_FAMILY = 1;
			};
			name = Release;
		};
/* End XCBuildConfiguration section */

/* Begin XCConfigurationList section */
		471D7D6F2166D34900124C87 /* Build configuration list for PBXProject "premier-checkin-ios" */ = {
			isa = XCConfigurationList;
			buildConfigurations = (
				471D7D842166D34B00124C87 /* Debug */,
				471D7D852166D34B00124C87 /* Release */,
			);
			defaultConfigurationIsVisible = 0;
			defaultConfigurationName = Release;
		};
		471D7D862166D34B00124C87 /* Build configuration list for PBXNativeTarget "premier-checkin-ios" */ = {
			isa = XCConfigurationList;
			buildConfigurations = (
				471D7D872166D34B00124C87 /* Debug */,
				471D7D882166D34B00124C87 /* Release */,
			);
			defaultConfigurationIsVisible = 0;
			defaultConfigurationName = Release;
		};
/* End XCConfigurationList section */
	};
	rootObject = 471D7D6C2166D34900124C87 /* Project object */;
}
